
Microsoft Visual Studio Solution File, Format Version 12.00
# Visual Studio 15
VisualStudioVersion = 15.0.28307.1738
MinimumVisualStudioVersion = 10.0.40219.1
Project("{FAE04EC0-301F-11D3-BF4B-00C04F79EFBC}") = "unitTesting", "unitTesting\unitTesting.csproj", "{8EB51627-74C6-426C-B2D2-8B28715CB26B}"
EndProject
Project("{FAE04EC0-301F-11D3-BF4B-00C04F79EFBC}") = "UnitTests", "UnitTests\UnitTests.csproj", "{6B694340-00DB-49E9-B33E-28355A5088D6}"
EndProject
Global
	GlobalSection(SolutionConfigurationPlatforms) = preSolution
		Debug|Any CPU = Debug|Any CPU
		Release|Any CPU = Release|Any CPU
	EndGlobalSection
	GlobalSection(ProjectConfigurationPlatforms) = postSolution
		{8EB51627-74C6-426C-B2D2-8B28715CB26B}.Debug|Any CPU.ActiveCfg = Debug|Any CPU
		{8EB51627-74C6-426C-B2D2-8B28715CB26B}.Debug|Any CPU.Build.0 = Debug|Any CPU
		{8EB51627-74C6-426C-B2D2-8B28715CB26B}.Release|Any CPU.ActiveCfg = Release|Any CPU
		{8EB51627-74C6-426C-B2D2-8B28715CB26B}.Release|Any CPU.Build.0 = Release|Any CPU
		{6B694340-00DB-49E9-B33E-28355A5088D6}.Debug|Any CPU.ActiveCfg = Debug|Any CPU
		{6B694340-00DB-49E9-B33E-28355A5088D6}.Debug|Any CPU.Build.0 = Debug|Any CPU
		{6B694340-00DB-49E9-B33E-28355A5088D6}.Release|Any CPU.ActiveCfg = Release|Any CPU
		{6B694340-00DB-49E9-B33E-28355A5088D6}.Release|Any CPU.Build.0 = Release|Any CPU
	EndGlobalSection
	GlobalSection(SolutionProperties) = preSolution
		HideSolutionNode = FALSE
	EndGlobalSection
	GlobalSection(ExtensibilityGlobals) = postSolution
		SolutionGuid = {CE9D99FC-EB14-4ADC-82DB-82E58338F24F}
	EndGlobalSection
EndGlobal
